schema: '2.0'
stages:
  download:
    cmd: python src/download.py
    deps:
    - path: src/download.py
      hash: md5
      md5: 52c056a9685496a3f7c11036800fac0b
      size: 1984
    params:
      params.yaml:
        download.n_locs: 3
        download.year: '2012'
    outs:
    - path: data/climate_data
      hash: md5
      md5: 4fa4ae53665aaa01366b5c199d40b44d.dir
      size: 23755624
      nfiles: 3
  prepare:
    cmd: python src/prepare.py
    deps:
    - path: data/climate_data
      hash: md5
      md5: 4fa4ae53665aaa01366b5c199d40b44d.dir
      size: 23755624
      nfiles: 3
    - path: src/prepare.py
      hash: md5
      md5: c79ee025938a7665e2de1001511b44a6
      size: 2251
    outs:
    - path: data/List_of_Fields.npy
      hash: md5
      md5: b49bf4a95c42e089cd2a280015f6f41d
      size: 368
      isexec: true
    - path: data/ground_truth.csv
      hash: md5
      md5: 3184f10938b5b0e32152fe6c9b59b7ca
      size: 964
      isexec: true
  process:
    cmd: python src/process.py
    deps:
    - path: data/List_of_Fields.npy
      hash: md5
      md5: b49bf4a95c42e089cd2a280015f6f41d
      size: 368
    - path: data/climate_data
      hash: md5
      md5: 4fa4ae53665aaa01366b5c199d40b44d.dir
      size: 23755624
      nfiles: 3
    - path: src/process.py
      hash: md5
      md5: e5325e415080c6b4600489933a69e44e
      size: 1360
    outs:
    - path: data/computed_monthly_averages.csv
      hash: md5
      md5: a573c2bf4604cfde44391dc29c148912
      size: 1713
      isexec: true
  evaluate:
    cmd: python src/evaluate.py
    deps:
    - path: data/computed_monthly_averages.csv
      hash: md5
      md5: a573c2bf4604cfde44391dc29c148912
      size: 1713
    - path: data/ground_truth.csv
      hash: md5
      md5: 3184f10938b5b0e32152fe6c9b59b7ca
      size: 964
    - path: src/evaluate.py
      hash: md5
      md5: b9bde7f2dd4a1f5ab0378cf83d431f49
      size: 1373
    outs:
    - path: scores.json
      hash: md5
      md5: 2ba01530d0442a184b3256a61d237ba7
      size: 33
      isexec: true
